
Microsoft Visual Studio Solution File, Format Version 12.00
# Visual Studio 15
VisualStudioVersion = 15.0.28307.1972
MinimumVisualStudioVersion = 10.0.40219.1
Project("{FAE04EC0-301F-11D3-BF4B-00C04F79EFBC}") = "PracticalExcerciseWebApp", "PracticalExcerciseWebApp\PracticalExcerciseWebApp.csproj", "{89CA28FC-D3FD-481A-92B7-383F5120ECA2}"
EndProject
Global
	GlobalSection(SolutionConfigurationPlatforms) = preSolution
		Debug|Any CPU = Debug|Any CPU
		Release|Any CPU = Release|Any CPU
	EndGlobalSection
	GlobalSection(ProjectConfigurationPlatforms) = postSolution
		{89CA28FC-D3FD-481A-92B7-383F5120ECA2}.Debug|Any CPU.ActiveCfg = Debug|Any CPU
		{89CA28FC-D3FD-481A-92B7-383F5120ECA2}.Debug|Any CPU.Build.0 = Debug|Any CPU
		{89CA28FC-D3FD-481A-92B7-383F5120ECA2}.Release|Any CPU.ActiveCfg = Release|Any CPU
		{89CA28FC-D3FD-481A-92B7-383F5120ECA2}.Release|Any CPU.Build.0 = Release|Any CPU
	EndGlobalSection
	GlobalSection(SolutionProperties) = preSolution
		HideSolutionNode = FALSE
	EndGlobalSection
	GlobalSection(ExtensibilityGlobals) = postSolution
		SolutionGuid = {10488154-5235-4147-BF6E-F3DD069E4AB3}
	EndGlobalSection
EndGlobal
